{
  "version": 4,
  "terraform_version": "0.12.21",
  "serial": 7,
  "lineage": "cefd72fd-1ec0-8f71-eaa8-902a49ba8889",
  "outputs": {},
  "resources": [
    {
      "mode": "managed",
      "type": "google_compute_network",
      "name": "gke-vpc",
      "provider": "provider.google",
      "instances": [
        {
          "schema_version": 0,
          "attributes": {
            "auto_create_subnetworks": true,
            "delete_default_routes_on_create": false,
            "description": "default vpc generated by Terraform for GKE purposes",
            "gateway_ipv4": "",
            "id": "projects/dan-gke-poc-230719/global/networks/gke-vpc",
            "ipv4_range": null,
            "name": "gke-vpc",
            "project": "dan-gke-poc-230719",
            "routing_mode": "GLOBAL",
            "self_link": "https://www.googleapis.com/compute/v1/projects/dan-gke-poc-230719/global/networks/gke-vpc",
            "timeouts": null
          },
          "private": "eyJlMmJmYjczMC1lY2FhLTExZTYtOGY4OC0zNDM2M2JjN2M0YzAiOnsiY3JlYXRlIjoyNDAwMDAwMDAwMDAsImRlbGV0ZSI6MjQwMDAwMDAwMDAwLCJ1cGRhdGUiOjI0MDAwMDAwMDAwMH19"
        }
      ]
    },
    {
      "mode": "managed",
      "type": "google_container_cluster",
      "name": "poc-test-cluster",
      "provider": "provider.google",
      "instances": [
        {
          "schema_version": 1,
          "attributes": {
            "additional_zones": [],
            "addons_config": [
              {
                "cloudrun_config": [],
                "horizontal_pod_autoscaling": [],
                "http_load_balancing": [],
                "kubernetes_dashboard": [],
                "network_policy_config": [
                  {
                    "disabled": true
                  }
                ]
              }
            ],
            "authenticator_groups_config": [],
            "cluster_autoscaling": [
              {
                "auto_provisioning_defaults": [],
                "enabled": false,
                "resource_limits": []
              }
            ],
            "cluster_ipv4_cidr": "10.44.0.0/14",
            "default_max_pods_per_node": 110,
            "description": "",
            "enable_binary_authorization": false,
            "enable_intranode_visibility": null,
            "enable_kubernetes_alpha": false,
            "enable_legacy_abac": false,
            "enable_shielded_nodes": false,
            "enable_tpu": null,
            "endpoint": "35.193.72.44",
            "id": "projects/dan-gke-poc-230719/locations/us-central1/clusters/poc-test-cluster",
            "initial_node_count": 1,
            "instance_group_urls": [],
            "ip_allocation_policy": [],
            "label_fingerprint": "a9dc16a7",
            "location": "us-central1",
            "logging_service": "logging.googleapis.com/kubernetes",
            "maintenance_policy": [],
            "master_auth": [
              {
                "client_certificate": "",
                "client_certificate_config": [
                  {
                    "issue_client_certificate": false
                  }
                ],
                "client_key": "",
                "cluster_ca_certificate": "LS0tLS1CRUdJTiBDRVJUSUZJQ0FURS0tLS0tCk1JSURERENDQWZTZ0F3SUJBZ0lSQUtLK0Y3VGo5aDVSQ2pIMlB5Z1k0OHd3RFFZSktvWklodmNOQVFFTEJRQXcKTHpFdE1Dc0dBMVVFQXhNa1pEYzBZakUwWWpJdFlUZGpPQzAwWXpJeUxXSXlabU10WkRVMFltRmhaREF6WldKawpNQjRYRFRJd01EVXhPREl3TVRZMU9Wb1hEVEkxTURVeE56SXhNVFkxT1Zvd0x6RXRNQ3NHQTFVRUF4TWtaRGMwCllqRTBZakl0WVRkak9DMDBZekl5TFdJeVptTXRaRFUwWW1GaFpEQXpaV0prTUlJQklqQU5CZ2txaGtpRzl3MEIKQVFFRkFBT0NBUThBTUlJQkNnS0NBUUVBdFdiR2FTeG5hZTdZRXo4bTNDK3UyT3hQMkhDVWhnR3ZENFNhRStsUApMakUxcmtNV21MelprSTdPRmZYbUpIZlpXem5DaCtXRWZEU0pCa0I5MkZZUUtvdytUL1ExS055M0NBZUszckZ0CmxDYlRIWjQzNk1Ed1A1SHI3QlFJaXZaZy9QY0txWUdlekMxejc2YkFaZjE5VFlzUklSMnJXUGhWU1ZybHlVNEQKR3YrNWp0dkt5ZHdtN2FhL3RGWFlvZ3dSRXpjZUpKbWNjcHh3MnZ3cFIzbG94RVpUaDd6SHlucTNDTXFYbGhMWgpKSUdSUmRZbHkvWVNZVStHOHdJOGY0WUIybTVZK3p5cFdZMW1PVHluS3RLTit3OE01aEliUGxKVUloQ3JYRXlTCm82a1JZSjJET3FOV0FMbWFvTTZZcis5VCs3aEh4T1IvVmNTcVdQNE9IOVo5dVFJREFRQUJveU13SVRBT0JnTlYKSFE4QkFmOEVCQU1DQWdRd0R3WURWUjBUQVFIL0JBVXdBd0VCL3pBTkJna3Foa2lHOXcwQkFRc0ZBQU9DQVFFQQpuejBNdDJMMnp6RjJVd0RaM2g3dUo2MXpieTRYNGRJMHlFdkl1elhGanAvQkZaanFCVXB1OUI1ckVqVjR6YkppClV0b0U3anlNM2xuNS9xdVpSKzRpNU5BK0M0dWpaUkZFS29MbmZFNzFUSDk4alBNZldteEFCYnlsMjExSkc2TnIKN0xyWVNsNXFBY2syQlk3a1RkVVFjQVVPS0ZjM1ovck1uMkkwbWQ2Z1hCN3FXWG5hNVcrUWhvRHRPR0x0UFFpcApRRlk2VmJKMi9xRVVlK0diQnlTUk45RzNiSjhlYkpObjliYzRTbnZLSTBwSkp0dFJpOHdFT0w1TVN1b1JEdkptCktTclJtWUs4Tmk3cGRyRHFHZ3NnUklRUDFQR2orUmdzK0M5eTJJK0RTNVcrT1NOL0NDTFdENi8raDN5S3FZZEMKTW5aTnBveVZXNktxdnZkdDllNkFEQT09Ci0tLS0tRU5EIENFUlRJRklDQVRFLS0tLS0K",
                "password": "",
                "username": ""
              }
            ],
            "master_authorized_networks_config": [],
            "master_version": "1.14.10-gke.27",
            "min_master_version": null,
            "monitoring_service": "monitoring.googleapis.com/kubernetes",
            "name": "poc-test-cluster",
            "network": "projects/dan-gke-poc-230719/global/networks/default",
            "network_policy": [
              {
                "enabled": false,
                "provider": "PROVIDER_UNSPECIFIED"
              }
            ],
            "node_config": [],
            "node_locations": [
              "us-central1-a",
              "us-central1-b",
              "us-central1-c"
            ],
            "node_pool": [],
            "node_version": "1.14.10-gke.27",
            "operation": null,
            "pod_security_policy_config": null,
            "private_cluster_config": [],
            "project": "dan-gke-poc-230719",
            "region": null,
            "remove_default_node_pool": true,
            "resource_labels": null,
            "resource_usage_export_config": [],
            "services_ipv4_cidr": "10.47.240.0/20",
            "subnetwork": "projects/dan-gke-poc-230719/regions/us-central1/subnetworks/default",
            "timeouts": null,
            "vertical_pod_autoscaling": [],
            "zone": null
          },
          "private": "eyJlMmJmYjczMC1lY2FhLTExZTYtOGY4OC0zNDM2M2JjN2M0YzAiOnsiY3JlYXRlIjoyNDAwMDAwMDAwMDAwLCJkZWxldGUiOjI0MDAwMDAwMDAwMDAsInJlYWQiOjI0MDAwMDAwMDAwMDAsInVwZGF0ZSI6MzYwMDAwMDAwMDAwMH0sInNjaGVtYV92ZXJzaW9uIjoiMSJ9"
        }
      ]
    },
    {
      "mode": "managed",
      "type": "google_container_node_pool",
      "name": "poc-test-cluster_preemptible_nodes",
      "provider": "provider.google",
      "instances": [
        {
          "schema_version": 1,
          "attributes": {
            "autoscaling": [],
            "cluster": "poc-test-cluster",
            "id": "projects/dan-gke-poc-230719/locations/us-central1/clusters/poc-test-cluster/nodePools/my-node-pool",
            "initial_node_count": 1,
            "instance_group_urls": [
              "https://www.googleapis.com/compute/v1/projects/dan-gke-poc-230719/zones/us-central1-c/instanceGroupManagers/gke-poc-test-cluster-my-node-pool-bbb0f968-grp",
              "https://www.googleapis.com/compute/v1/projects/dan-gke-poc-230719/zones/us-central1-a/instanceGroupManagers/gke-poc-test-cluster-my-node-pool-107c281b-grp",
              "https://www.googleapis.com/compute/v1/projects/dan-gke-poc-230719/zones/us-central1-b/instanceGroupManagers/gke-poc-test-cluster-my-node-pool-6399a893-grp"
            ],
            "location": "us-central1",
            "management": [
              {
                "auto_repair": false,
                "auto_upgrade": true
              }
            ],
            "max_pods_per_node": null,
            "name": "my-node-pool",
            "name_prefix": "",
            "node_config": [
              {
                "disk_size_gb": 100,
                "disk_type": "pd-standard",
                "guest_accelerator": [],
                "image_type": "COS",
                "labels": {},
                "local_ssd_count": 0,
                "machine_type": "n1-standard-1",
                "metadata": {
                  "disable-legacy-endpoints": "true"
                },
                "min_cpu_platform": "",
                "oauth_scopes": [
                  "https://www.googleapis.com/auth/logging.write",
                  "https://www.googleapis.com/auth/monitoring"
                ],
                "preemptible": true,
                "sandbox_config": [],
                "service_account": "default",
                "shielded_instance_config": [
                  {
                    "enable_integrity_monitoring": true,
                    "enable_secure_boot": false
                  }
                ],
                "tags": null,
                "taint": [],
                "workload_metadata_config": []
              }
            ],
            "node_count": 1,
            "node_locations": [
              "us-central1-a",
              "us-central1-b",
              "us-central1-c"
            ],
            "project": "dan-gke-poc-230719",
            "region": null,
            "timeouts": null,
            "upgrade_settings": [
              {
                "max_surge": 1,
                "max_unavailable": 0
              }
            ],
            "version": "1.14.10-gke.27",
            "zone": null
          },
          "private": "eyJlMmJmYjczMC1lY2FhLTExZTYtOGY4OC0zNDM2M2JjN2M0YzAiOnsiY3JlYXRlIjoxODAwMDAwMDAwMDAwLCJkZWxldGUiOjE4MDAwMDAwMDAwMDAsInVwZGF0ZSI6MTgwMDAwMDAwMDAwMH0sInNjaGVtYV92ZXJzaW9uIjoiMSJ9",
          "dependencies": [
            "google_container_cluster.poc-test-cluster"
          ]
        }
      ]
    }
  ]
}
